
Microsoft Visual Studio Solution File, Format Version 12.00
# Visual Studio 14
VisualStudioVersion = 14.0.24720.0
MinimumVisualStudioVersion = 10.0.40219.1
Project("{FAE04EC0-301F-11D3-BF4B-00C04F79EFBC}") = "GridExample", "GridExample\GridExample.csproj", "{F1F6DEC5-789B-4252-BE32-99FE05AAA041}"
EndProject
Project("{FAE04EC0-301F-11D3-BF4B-00C04F79EFBC}") = "StackPanelExample", "StackPanelExample\StackPanelExample.csproj", "{9A704BC0-3782-4B6B-8EF6-DAE891EF30C6}"
EndProject
Project("{FAE04EC0-301F-11D3-BF4B-00C04F79EFBC}") = "EmployeeApp", "EmployeeApp\EmployeeApp.csproj", "{9D8362D2-069A-44A3-BE68-1902E80E0D7C}"
EndProject
Project("{FAE04EC0-301F-11D3-BF4B-00C04F79EFBC}") = "T1", "T1\T1.csproj", "{FF40FD39-62C6-4FA9-B06E-D915097A52B8}"
EndProject
Project("{FAE04EC0-301F-11D3-BF4B-00C04F79EFBC}") = "T02", "T02\T02.csproj", "{12D5AA32-599D-4D2F-ACF4-702559D0B25E}"
EndProject
Project("{FAE04EC0-301F-11D3-BF4B-00C04F79EFBC}") = "T3", "T3\T3.csproj", "{452979CA-6CDE-4F28-A411-E9BD6D0BC996}"
EndProject
Global
	GlobalSection(SolutionConfigurationPlatforms) = preSolution
		Debug|ARM = Debug|ARM
		Debug|x64 = Debug|x64
		Debug|x86 = Debug|x86
		Release|ARM = Release|ARM
		Release|x64 = Release|x64
		Release|x86 = Release|x86
	EndGlobalSection
	GlobalSection(ProjectConfigurationPlatforms) = postSolution
		{F1F6DEC5-789B-4252-BE32-99FE05AAA041}.Debug|ARM.ActiveCfg = Debug|ARM
		{F1F6DEC5-789B-4252-BE32-99FE05AAA041}.Debug|ARM.Build.0 = Debug|ARM
		{F1F6DEC5-789B-4252-BE32-99FE05AAA041}.Debug|ARM.Deploy.0 = Debug|ARM
		{F1F6DEC5-789B-4252-BE32-99FE05AAA041}.Debug|x64.ActiveCfg = Debug|x64
		{F1F6DEC5-789B-4252-BE32-99FE05AAA041}.Debug|x64.Build.0 = Debug|x64
		{F1F6DEC5-789B-4252-BE32-99FE05AAA041}.Debug|x64.Deploy.0 = Debug|x64
		{F1F6DEC5-789B-4252-BE32-99FE05AAA041}.Debug|x86.ActiveCfg = Debug|x86
		{F1F6DEC5-789B-4252-BE32-99FE05AAA041}.Debug|x86.Build.0 = Debug|x86
		{F1F6DEC5-789B-4252-BE32-99FE05AAA041}.Debug|x86.Deploy.0 = Debug|x86
		{F1F6DEC5-789B-4252-BE32-99FE05AAA041}.Release|ARM.ActiveCfg = Release|ARM
		{F1F6DEC5-789B-4252-BE32-99FE05AAA041}.Release|ARM.Build.0 = Release|ARM
		{F1F6DEC5-789B-4252-BE32-99FE05AAA041}.Release|ARM.Deploy.0 = Release|ARM
		{F1F6DEC5-789B-4252-BE32-99FE05AAA041}.Release|x64.ActiveCfg = Release|x64
		{F1F6DEC5-789B-4252-BE32-99FE05AAA041}.Release|x64.Build.0 = Release|x64
		{F1F6DEC5-789B-4252-BE32-99FE05AAA041}.Release|x64.Deploy.0 = Release|x64
		{F1F6DEC5-789B-4252-BE32-99FE05AAA041}.Release|x86.ActiveCfg = Release|x86
		{F1F6DEC5-789B-4252-BE32-99FE05AAA041}.Release|x86.Build.0 = Release|x86
		{F1F6DEC5-789B-4252-BE32-99FE05AAA041}.Release|x86.Deploy.0 = Release|x86
		{9A704BC0-3782-4B6B-8EF6-DAE891EF30C6}.Debug|ARM.ActiveCfg = Debug|ARM
		{9A704BC0-3782-4B6B-8EF6-DAE891EF30C6}.Debug|ARM.Build.0 = Debug|ARM
		{9A704BC0-3782-4B6B-8EF6-DAE891EF30C6}.Debug|ARM.Deploy.0 = Debug|ARM
		{9A704BC0-3782-4B6B-8EF6-DAE891EF30C6}.Debug|x64.ActiveCfg = Debug|x64
		{9A704BC0-3782-4B6B-8EF6-DAE891EF30C6}.Debug|x64.Build.0 = Debug|x64
		{9A704BC0-3782-4B6B-8EF6-DAE891EF30C6}.Debug|x64.Deploy.0 = Debug|x64
		{9A704BC0-3782-4B6B-8EF6-DAE891EF30C6}.Debug|x86.ActiveCfg = Debug|x86
		{9A704BC0-3782-4B6B-8EF6-DAE891EF30C6}.Debug|x86.Build.0 = Debug|x86
		{9A704BC0-3782-4B6B-8EF6-DAE891EF30C6}.Debug|x86.Deploy.0 = Debug|x86
		{9A704BC0-3782-4B6B-8EF6-DAE891EF30C6}.Release|ARM.ActiveCfg = Release|ARM
		{9A704BC0-3782-4B6B-8EF6-DAE891EF30C6}.Release|ARM.Build.0 = Release|ARM
		{9A704BC0-3782-4B6B-8EF6-DAE891EF30C6}.Release|ARM.Deploy.0 = Release|ARM
		{9A704BC0-3782-4B6B-8EF6-DAE891EF30C6}.Release|x64.ActiveCfg = Release|x64
		{9A704BC0-3782-4B6B-8EF6-DAE891EF30C6}.Release|x64.Build.0 = Release|x64
		{9A704BC0-3782-4B6B-8EF6-DAE891EF30C6}.Release|x64.Deploy.0 = Release|x64
		{9A704BC0-3782-4B6B-8EF6-DAE891EF30C6}.Release|x86.ActiveCfg = Release|x86
		{9A704BC0-3782-4B6B-8EF6-DAE891EF30C6}.Release|x86.Build.0 = Release|x86
		{9A704BC0-3782-4B6B-8EF6-DAE891EF30C6}.Release|x86.Deploy.0 = Release|x86
		{9D8362D2-069A-44A3-BE68-1902E80E0D7C}.Debug|ARM.ActiveCfg = Debug|ARM
		{9D8362D2-069A-44A3-BE68-1902E80E0D7C}.Debug|ARM.Build.0 = Debug|ARM
		{9D8362D2-069A-44A3-BE68-1902E80E0D7C}.Debug|ARM.Deploy.0 = Debug|ARM
		{9D8362D2-069A-44A3-BE68-1902E80E0D7C}.Debug|x64.ActiveCfg = Debug|x64
		{9D8362D2-069A-44A3-BE68-1902E80E0D7C}.Debug|x64.Build.0 = Debug|x64
		{9D8362D2-069A-44A3-BE68-1902E80E0D7C}.Debug|x64.Deploy.0 = Debug|x64
		{9D8362D2-069A-44A3-BE68-1902E80E0D7C}.Debug|x86.ActiveCfg = Debug|x86
		{9D8362D2-069A-44A3-BE68-1902E80E0D7C}.Debug|x86.Build.0 = Debug|x86
		{9D8362D2-069A-44A3-BE68-1902E80E0D7C}.Debug|x86.Deploy.0 = Debug|x86
		{9D8362D2-069A-44A3-BE68-1902E80E0D7C}.Release|ARM.ActiveCfg = Release|ARM
		{9D8362D2-069A-44A3-BE68-1902E80E0D7C}.Release|ARM.Build.0 = Release|ARM
		{9D8362D2-069A-44A3-BE68-1902E80E0D7C}.Release|ARM.Deploy.0 = Release|ARM
		{9D8362D2-069A-44A3-BE68-1902E80E0D7C}.Release|x64.ActiveCfg = Release|x64
		{9D8362D2-069A-44A3-BE68-1902E80E0D7C}.Release|x64.Build.0 = Release|x64
		{9D8362D2-069A-44A3-BE68-1902E80E0D7C}.Release|x64.Deploy.0 = Release|x64
		{9D8362D2-069A-44A3-BE68-1902E80E0D7C}.Release|x86.ActiveCfg = Release|x86
		{9D8362D2-069A-44A3-BE68-1902E80E0D7C}.Release|x86.Build.0 = Release|x86
		{9D8362D2-069A-44A3-BE68-1902E80E0D7C}.Release|x86.Deploy.0 = Release|x86
		{FF40FD39-62C6-4FA9-B06E-D915097A52B8}.Debug|ARM.ActiveCfg = Debug|ARM
		{FF40FD39-62C6-4FA9-B06E-D915097A52B8}.Debug|ARM.Build.0 = Debug|ARM
		{FF40FD39-62C6-4FA9-B06E-D915097A52B8}.Debug|ARM.Deploy.0 = Debug|ARM
		{FF40FD39-62C6-4FA9-B06E-D915097A52B8}.Debug|x64.ActiveCfg = Debug|x64
		{FF40FD39-62C6-4FA9-B06E-D915097A52B8}.Debug|x64.Build.0 = Debug|x64
		{FF40FD39-62C6-4FA9-B06E-D915097A52B8}.Debug|x64.Deploy.0 = Debug|x64
		{FF40FD39-62C6-4FA9-B06E-D915097A52B8}.Debug|x86.ActiveCfg = Debug|x86
		{FF40FD39-62C6-4FA9-B06E-D915097A52B8}.Debug|x86.Build.0 = Debug|x86
		{FF40FD39-62C6-4FA9-B06E-D915097A52B8}.Debug|x86.Deploy.0 = Debug|x86
		{FF40FD39-62C6-4FA9-B06E-D915097A52B8}.Release|ARM.ActiveCfg = Release|ARM
		{FF40FD39-62C6-4FA9-B06E-D915097A52B8}.Release|ARM.Build.0 = Release|ARM
		{FF40FD39-62C6-4FA9-B06E-D915097A52B8}.Release|ARM.Deploy.0 = Release|ARM
		{FF40FD39-62C6-4FA9-B06E-D915097A52B8}.Release|x64.ActiveCfg = Release|x64
		{FF40FD39-62C6-4FA9-B06E-D915097A52B8}.Release|x64.Build.0 = Release|x64
		{FF40FD39-62C6-4FA9-B06E-D915097A52B8}.Release|x64.Deploy.0 = Release|x64
		{FF40FD39-62C6-4FA9-B06E-D915097A52B8}.Release|x86.ActiveCfg = Release|x86
		{FF40FD39-62C6-4FA9-B06E-D915097A52B8}.Release|x86.Build.0 = Release|x86
		{FF40FD39-62C6-4FA9-B06E-D915097A52B8}.Release|x86.Deploy.0 = Release|x86
		{12D5AA32-599D-4D2F-ACF4-702559D0B25E}.Debug|ARM.ActiveCfg = Debug|ARM
		{12D5AA32-599D-4D2F-ACF4-702559D0B25E}.Debug|ARM.Build.0 = Debug|ARM
		{12D5AA32-599D-4D2F-ACF4-702559D0B25E}.Debug|ARM.Deploy.0 = Debug|ARM
		{12D5AA32-599D-4D2F-ACF4-702559D0B25E}.Debug|x64.ActiveCfg = Debug|x64
		{12D5AA32-599D-4D2F-ACF4-702559D0B25E}.Debug|x64.Build.0 = Debug|x64
		{12D5AA32-599D-4D2F-ACF4-702559D0B25E}.Debug|x64.Deploy.0 = Debug|x64
		{12D5AA32-599D-4D2F-ACF4-702559D0B25E}.Debug|x86.ActiveCfg = Debug|x86
		{12D5AA32-599D-4D2F-ACF4-702559D0B25E}.Debug|x86.Build.0 = Debug|x86
		{12D5AA32-599D-4D2F-ACF4-702559D0B25E}.Debug|x86.Deploy.0 = Debug|x86
		{12D5AA32-599D-4D2F-ACF4-702559D0B25E}.Release|ARM.ActiveCfg = Release|ARM
		{12D5AA32-599D-4D2F-ACF4-702559D0B25E}.Release|ARM.Build.0 = Release|ARM
		{12D5AA32-599D-4D2F-ACF4-702559D0B25E}.Release|ARM.Deploy.0 = Release|ARM
		{12D5AA32-599D-4D2F-ACF4-702559D0B25E}.Release|x64.ActiveCfg = Release|x64
		{12D5AA32-599D-4D2F-ACF4-702559D0B25E}.Release|x64.Build.0 = Release|x64
		{12D5AA32-599D-4D2F-ACF4-702559D0B25E}.Release|x64.Deploy.0 = Release|x64
		{12D5AA32-599D-4D2F-ACF4-702559D0B25E}.Release|x86.ActiveCfg = Release|x86
		{12D5AA32-599D-4D2F-ACF4-702559D0B25E}.Release|x86.Build.0 = Release|x86
		{12D5AA32-599D-4D2F-ACF4-702559D0B25E}.Release|x86.Deploy.0 = Release|x86
		{452979CA-6CDE-4F28-A411-E9BD6D0BC996}.Debug|ARM.ActiveCfg = Debug|ARM
		{452979CA-6CDE-4F28-A411-E9BD6D0BC996}.Debug|ARM.Build.0 = Debug|ARM
		{452979CA-6CDE-4F28-A411-E9BD6D0BC996}.Debug|ARM.Deploy.0 = Debug|ARM
		{452979CA-6CDE-4F28-A411-E9BD6D0BC996}.Debug|x64.ActiveCfg = Debug|x64
		{452979CA-6CDE-4F28-A411-E9BD6D0BC996}.Debug|x64.Build.0 = Debug|x64
		{452979CA-6CDE-4F28-A411-E9BD6D0BC996}.Debug|x64.Deploy.0 = Debug|x64
		{452979CA-6CDE-4F28-A411-E9BD6D0BC996}.Debug|x86.ActiveCfg = Debug|x86
		{452979CA-6CDE-4F28-A411-E9BD6D0BC996}.Debug|x86.Build.0 = Debug|x86
		{452979CA-6CDE-4F28-A411-E9BD6D0BC996}.Debug|x86.Deploy.0 = Debug|x86
		{452979CA-6CDE-4F28-A411-E9BD6D0BC996}.Release|ARM.ActiveCfg = Release|ARM
		{452979CA-6CDE-4F28-A411-E9BD6D0BC996}.Release|ARM.Build.0 = Release|ARM
		{452979CA-6CDE-4F28-A411-E9BD6D0BC996}.Release|ARM.Deploy.0 = Release|ARM
		{452979CA-6CDE-4F28-A411-E9BD6D0BC996}.Release|x64.ActiveCfg = Release|x64
		{452979CA-6CDE-4F28-A411-E9BD6D0BC996}.Release|x64.Build.0 = Release|x64
		{452979CA-6CDE-4F28-A411-E9BD6D0BC996}.Release|x64.Deploy.0 = Release|x64
		{452979CA-6CDE-4F28-A411-E9BD6D0BC996}.Release|x86.ActiveCfg = Release|x86
		{452979CA-6CDE-4F28-A411-E9BD6D0BC996}.Release|x86.Build.0 = Release|x86
		{452979CA-6CDE-4F28-A411-E9BD6D0BC996}.Release|x86.Deploy.0 = Release|x86
	EndGlobalSection
	GlobalSection(SolutionProperties) = preSolution
		HideSolutionNode = FALSE
	EndGlobalSection
EndGlobal
